
Microsoft Visual Studio Solution File, Format Version 12.00
# Visual Studio Version 16
VisualStudioVersion = 16.0.31729.503
MinimumVisualStudioVersion = 10.0.40219.1
Project("{9A19103F-16F7-4668-BE54-9A1E7A4F7556}") = "Activity4", "Activity4\Activity4.csproj", "{9DC1A8AE-211D-4171-9B52-67567391A0DB}"
EndProject
Project("{FAE04EC0-301F-11D3-BF4B-00C04F79EFBC}") = "Activity4Tests", "Activity4Tests\Activity4Tests.csproj", "{C6E2BDA9-B2CC-45DA-BCD6-2704356143DC}"
EndProject
Global
	GlobalSection(SolutionConfigurationPlatforms) = preSolution
		Debug|Any CPU = Debug|Any CPU
		Release|Any CPU = Release|Any CPU
	EndGlobalSection
	GlobalSection(ProjectConfigurationPlatforms) = postSolution
		{9DC1A8AE-211D-4171-9B52-67567391A0DB}.Debug|Any CPU.ActiveCfg = Debug|Any CPU
		{9DC1A8AE-211D-4171-9B52-67567391A0DB}.Debug|Any CPU.Build.0 = Debug|Any CPU
		{9DC1A8AE-211D-4171-9B52-67567391A0DB}.Release|Any CPU.ActiveCfg = Release|Any CPU
		{9DC1A8AE-211D-4171-9B52-67567391A0DB}.Release|Any CPU.Build.0 = Release|Any CPU
		{C6E2BDA9-B2CC-45DA-BCD6-2704356143DC}.Debug|Any CPU.ActiveCfg = Debug|Any CPU
		{C6E2BDA9-B2CC-45DA-BCD6-2704356143DC}.Debug|Any CPU.Build.0 = Debug|Any CPU
		{C6E2BDA9-B2CC-45DA-BCD6-2704356143DC}.Release|Any CPU.ActiveCfg = Release|Any CPU
		{C6E2BDA9-B2CC-45DA-BCD6-2704356143DC}.Release|Any CPU.Build.0 = Release|Any CPU
	EndGlobalSection
	GlobalSection(SolutionProperties) = preSolution
		HideSolutionNode = FALSE
	EndGlobalSection
	GlobalSection(ExtensibilityGlobals) = postSolution
		SolutionGuid = {1179A9F5-DADD-49FF-A832-E78F795F31F2}
	EndGlobalSection
EndGlobal
